
Microsoft Visual Studio Solution File, Format Version 12.00
# Visual Studio 2012
Project("{FAE04EC0-301F-11D3-BF4B-00C04F79EFBC}") = "Sign", "Sign\Sign.csproj", "{C417049A-3DA0-4F3B-A561-FEAF4BE53BD3}"
EndProject
Project("{2150E333-8FDC-42A3-9474-1A3956D46DE8}") = ".nuget", ".nuget", "{F3CC7611-0B87-4523-935F-26094F678DA6}"
	ProjectSection(SolutionItems) = preProject
		.nuget\packages.config = .nuget\packages.config
	EndProjectSection
EndProject
Global
	GlobalSection(SolutionConfigurationPlatforms) = preSolution
		Debug|Any CPU = Debug|Any CPU
		Release|Any CPU = Release|Any CPU
	EndGlobalSection
	GlobalSection(ProjectConfigurationPlatforms) = postSolution
		{C417049A-3DA0-4F3B-A561-FEAF4BE53BD3}.Debug|Any CPU.ActiveCfg = Debug|Any CPU
		{C417049A-3DA0-4F3B-A561-FEAF4BE53BD3}.Debug|Any CPU.Build.0 = Debug|Any CPU
		{C417049A-3DA0-4F3B-A561-FEAF4BE53BD3}.Release|Any CPU.ActiveCfg = Release|Any CPU
		{C417049A-3DA0-4F3B-A561-FEAF4BE53BD3}.Release|Any CPU.Build.0 = Release|Any CPU
	EndGlobalSection
	GlobalSection(SolutionProperties) = preSolution
		HideSolutionNode = FALSE
	EndGlobalSection
EndGlobal
